<?xml version="1.0" encoding="utf-8"?>
<Project ToolsVersion="4.0" xmlns="http://schemas.microsoft.com/developer/msbuild/2003">
  <ItemGroup>
    <Filter Include="源文件">
      <UniqueIdentifier>{4FC737F1-C7A5-4376-A066-2A32D752A2FF}</UniqueIdentifier>
      <Extensions>cpp;c;cc;cxx;def;odl;idl;hpj;bat;asm;asmx</Extensions>
    </Filter>
    <Filter Include="头文件">
      <UniqueIdentifier>{93995380-89BD-4b04-88EB-625FBE52EBFB}</UniqueIdentifier>
      <Extensions>h;hh;hpp;hxx;hm;inl;inc;xsd</Extensions>
    </Filter>
    <Filter Include="资源文件">
      <UniqueIdentifier>{67DA6AB6-F800-4c08-8B7A-83BB121AAD01}</UniqueIdentifier>
      <Extensions>rc;ico;cur;bmp;dlg;rc2;rct;bin;rgs;gif;jpg;jpeg;jpe;resx;tiff;tif;png;wav;mfcribbon-ms</Extensions>
    </Filter>
    <Filter Include="src">
      <UniqueIdentifier>{27d83f03-7401-443b-85bb-ff1b18bdfeea}</UniqueIdentifier>
    </Filter>
  </ItemGroup>
  <ItemGroup>
    <Text Include="ReadMe.txt" />
  </ItemGroup>
  <ItemGroup>
    <ClInclude Include="stdafx.h">
      <Filter>头文件</Filter>
    </ClInclude>
    <ClInclude Include="targetver.h">
      <Filter>头文件</Filter>
    </ClInclude>
    <ClInclude Include="..\Classes\Server.h">
      <Filter>src</Filter>
    </ClInclude>
    <ClInclude Include="..\Classes\ikcp.h">
      <Filter>src</Filter>
    </ClInclude>
    <ClInclude Include="..\Classes\NetServer.h">
      <Filter>src</Filter>
    </ClInclude>
    <ClInclude Include="..\Classes\BaseNet.h">
      <Filter>src</Filter>
    </ClInclude>
    <ClInclude Include="..\Classes\ByteArray.h">
      <Filter>src</Filter>
    </ClInclude>
    <ClInclude Include="..\Classes\NetDataBuffer.h">
      <Filter>src</Filter>
    </ClInclude>
    <ClInclude Include="..\Classes\NetWin32.h">
      <Filter>src</Filter>
    </ClInclude>
    <ClInclude Include="..\Classes\Packet.h">
      <Filter>src</Filter>
    </ClInclude>
    <ClInclude Include="..\Classes\StringUtil.h">
      <Filter>src</Filter>
    </ClInclude>
    <ClInclude Include="..\Classes\PlatformConfig.h">
      <Filter>src</Filter>
    </ClInclude>
    <ClInclude Include="..\Classes\Room.h">
      <Filter>src</Filter>
    </ClInclude>
    <ClInclude Include="..\Classes\Client.h">
      <Filter>src</Filter>
    </ClInclude>
  </ItemGroup>
  <ItemGroup>
    <ClCompile Include="stdafx.cpp">
      <Filter>源文件</Filter>
    </ClCompile>
    <ClCompile Include="CastleServer.cpp">
      <Filter>源文件</Filter>
    </ClCompile>
    <ClCompile Include="..\Classes\Server.cpp">
      <Filter>src</Filter>
    </ClCompile>
    <ClCompile Include="..\Classes\ikcp.c">
      <Filter>src</Filter>
    </ClCompile>
    <ClCompile Include="..\Classes\NetServer.cpp">
      <Filter>src</Filter>
    </ClCompile>
    <ClCompile Include="..\Classes\BaseNet.cpp">
      <Filter>src</Filter>
    </ClCompile>
    <ClCompile Include="..\Classes\ByteArray.cpp">
      <Filter>src</Filter>
    </ClCompile>
    <ClCompile Include="..\Classes\NetDataBuffer.cpp">
      <Filter>src</Filter>
    </ClCompile>
    <ClCompile Include="..\Classes\NetWin32.cpp">
      <Filter>src</Filter>
    </ClCompile>
    <ClCompile Include="..\Classes\Packet.cpp">
      <Filter>src</Filter>
    </ClCompile>
    <ClCompile Include="..\Classes\StringUtil.cpp">
      <Filter>src</Filter>
    </ClCompile>
    <ClCompile Include="..\Classes\Room.cpp">
      <Filter>src</Filter>
    </ClCompile>
    <ClCompile Include="..\Classes\Client.cpp">
      <Filter>src</Filter>
    </ClCompile>
  </ItemGroup>
</Project>